# This file is automatically @generated by Cargo.
# It is not intended for manual editing.
version = 3

[[package]]
name = "base64"
version = "0.22.0"
source = "registry+https://github.com/rust-lang/crates.io-index"
checksum = "9475866fec1451be56a3c2400fd081ff546538961565ccb5b7142cbd22bc7a51"

[[package]]
name = "bencher"
version = "0.1.5"
source = "registry+https://github.com/rust-lang/crates.io-index"
checksum = "7dfdb4953a096c551ce9ace855a604d702e6e62d77fac690575ae347571717f5"

[[package]]
name = "rustls-pemfile"
version = "2.1.2"
dependencies = [
 "base64",
 "bencher",
 "rustls-pki-types",
]

[[package]]
name = "rustls-pki-types"
version = "1.3.0"
source = "registry+https://github.com/rust-lang/crates.io-index"
checksum = "048a63e5b3ac996d78d402940b5fa47973d2d080c6c6fffa1d0f19c4445310b7"
